
Microsoft Visual Studio Solution File, Format Version 12.00
# Visual Studio Version 17
VisualStudioVersion = 17.11.35303.130
MinimumVisualStudioVersion = 10.0.40219.1
Project("{FAE04EC0-301F-11D3-BF4B-00C04F79EFBC}") = "StreamStopwatch", "StreamStopwatch\StreamStopwatch.csproj", "{51DE1F71-2FEF-44DB-A7D6-F24062BC22CA}"
EndProject
Global
	GlobalSection(SolutionConfigurationPlatforms) = preSolution
		Debug|Any CPU = Debug|Any CPU
		Release|Any CPU = Release|Any CPU
	EndGlobalSection
	GlobalSection(ProjectConfigurationPlatforms) = postSolution
		{51DE1F71-2FEF-44DB-A7D6-F24062BC22CA}.Debug|Any CPU.ActiveCfg = Debug|Any CPU
		{51DE1F71-2FEF-44DB-A7D6-F24062BC22CA}.Debug|Any CPU.Build.0 = Debug|Any CPU
		{51DE1F71-2FEF-44DB-A7D6-F24062BC22CA}.Release|Any CPU.ActiveCfg = Release|Any CPU
		{51DE1F71-2FEF-44DB-A7D6-F24062BC22CA}.Release|Any CPU.Build.0 = Release|Any CPU
	EndGlobalSection
	GlobalSection(SolutionProperties) = preSolution
		HideSolutionNode = FALSE
	EndGlobalSection
	GlobalSection(ExtensibilityGlobals) = postSolution
		SolutionGuid = {E0D963B9-721A-416D-BBAD-E6ECD057720D}
	EndGlobalSection
EndGlobal
